
Microsoft Visual Studio Solution File, Format Version 12.00
# Visual Studio Version 16
VisualStudioVersion = 16.0.31129.286
MinimumVisualStudioVersion = 10.0.40219.1
Project("{FAE04EC0-301F-11D3-BF4B-00C04F79EFBC}") = "ConnorJenkins-ZumoGUI-ProgrmamingTHings", "ConnorJenkins-ZumoGUI-ProgrmamingTHings.csproj", "{5A3BF371-24AB-4DC2-9084-91C9083B8BBC}"
EndProject
Global
	GlobalSection(SolutionConfigurationPlatforms) = preSolution
		Debug|Any CPU = Debug|Any CPU
		Release|Any CPU = Release|Any CPU
	EndGlobalSection
	GlobalSection(ProjectConfigurationPlatforms) = postSolution
		{5A3BF371-24AB-4DC2-9084-91C9083B8BBC}.Debug|Any CPU.ActiveCfg = Release|Any CPU
		{5A3BF371-24AB-4DC2-9084-91C9083B8BBC}.Debug|Any CPU.Build.0 = Release|Any CPU
		{5A3BF371-24AB-4DC2-9084-91C9083B8BBC}.Release|Any CPU.ActiveCfg = Release|Any CPU
		{5A3BF371-24AB-4DC2-9084-91C9083B8BBC}.Release|Any CPU.Build.0 = Release|Any CPU
	EndGlobalSection
	GlobalSection(SolutionProperties) = preSolution
		HideSolutionNode = FALSE
	EndGlobalSection
	GlobalSection(ExtensibilityGlobals) = postSolution
		SolutionGuid = {D1233D49-0337-4FAF-9315-6437652FA25D}
	EndGlobalSection
EndGlobal
